--- 
dependencies: 
  rails: 
    group: 
    - :default
    version: = 3.0.0.beta4
  haml: 
    group: 
    - :default
    version: ">= 0"
  unicorn: 
    group: 
    - :development
    version: ">= 0"
  heroku: 
    group: 
    - :development
    version: ">= 0"
  flickraw: 
    group: 
    - :default
    version: ">= 0"
specs: 
- rake: 
    version: 0.8.7
- abstract: 
    version: 1.0.0
- activesupport: 
    version: 3.0.0.beta4
- builder: 
    version: 2.1.2
- i18n: 
    version: 0.4.1
- activemodel: 
    version: 3.0.0.beta4
- erubis: 
    version: 2.6.5
- rack: 
    version: 1.1.0
- rack-mount: 
    version: 0.6.4
- rack-test: 
    version: 0.5.4
- tzinfo: 
    version: 0.3.22
- actionpack: 
    version: 3.0.0.beta4
- mime-types: 
    version: "1.16"
- polyglot: 
    version: 0.3.1
- treetop: 
    version: 1.4.8
- mail: 
    version: 2.2.5
- actionmailer: 
    version: 3.0.0.beta4
- arel: 
    version: 0.4.0
- activerecord: 
    version: 3.0.0.beta4
- activeresource: 
    version: 3.0.0.beta4
- bundler: 
    version: 0.9.26
- configuration: 
    version: 1.1.0
- json: 
    version: 1.4.3
- flickraw: 
    version: 0.8.2
- haml: 
    version: 3.0.12
- json_pure: 
    version: 1.4.3
- launchy: 
    version: 0.3.5
- rest-client: 
    version: 1.4.2
- heroku: 
    version: 1.9.10
- thor: 
    version: 0.13.6
- railties: 
    version: 3.0.0.beta4
- rails: 
    version: 3.0.0.beta4
- unicorn: 
    version: 1.0.0
hash: 2b575da92835b10b8a1130a04ba5bb10ff266e02
sources: 
- Rubygems: 
    uri: http://rubygems.org
